# THIS IS AN AUTOGENERATED FILE. DO NOT EDIT THIS FILE DIRECTLY.
# yarn lockfile v1
abbrev@1:
  version "1.0.9"
  resolved "http://r.npm.sankuai.com/abbrev/download/abbrev-1.0.9.tgz#91b4792588a7738c25f35dd6f63752a2f8776135"

ansi-regex@^2.0.0:
  version "2.0.0"
  resolved "http://r.npm.sankuai.com/ansi-regex/download/ansi-regex-2.0.0.tgz#c5061b6e0ef8a81775e50f5d66151bf6bf371107"

ansi-styles@^2.2.1:
  version "2.2.1"
  resolved "http://r.npm.sankuai.com/ansi-styles/download/ansi-styles-2.2.1.tgz#b432dd3358b634cf75e1e4664368240533c1ddbe"

aproba@^1.0.3:
  version "1.0.4"
  resolved "http://r.npm.sankuai.com/aproba/download/aproba-1.0.4.tgz#2713680775e7614c8ba186c065d4e2e52d1072c0"

are-we-there-yet@~1.1.2:
  version "1.1.2"
  resolved "http://r.npm.sankuai.com/are-we-there-yet/download/are-we-there-yet-1.1.2.tgz#80e470e95a084794fe1899262c5667c6e88de1b3"
  dependencies:
    delegates "^1.0.0"
    readable-stream "^2.0.0 || ^1.1.13"

asn1@~0.2.3:
  version "0.2.3"
  resolved "http://r.npm.sankuai.com/asn1/download/asn1-0.2.3.tgz#dac8787713c9966849fc8180777ebe9c1ddf3b86"

assert-plus@^0.2.0:
  version "0.2.0"
  resolved "http://r.npm.sankuai.com/assert-plus/download/assert-plus-0.2.0.tgz#d74e1b87e7affc0db8aadb7021f3fe48101ab234"

assert-plus@^1.0.0:
  version "1.0.0"
  resolved "http://r.npm.sankuai.com/assert-plus/download/assert-plus-1.0.0.tgz#f12e0f3c5d77b0b1cdd9146942e4e96c1e4dd525"

asynckit@^0.4.0:
  version "0.4.0"
  resolved "http://r.npm.sankuai.com/asynckit/download/asynckit-0.4.0.tgz#c79ed97f7f34cb8f2ba1bc9790bcc366474b4b79"

aws-sign2@~0.6.0:
  version "0.6.0"
  resolved "http://r.npm.sankuai.com/aws-sign2/download/aws-sign2-0.6.0.tgz#14342dd38dbcc94d0e5b87d763cd63612c0e794f"

aws4@^1.2.1:
  version "1.5.0"
  resolved "http://r.npm.sankuai.com/aws4/download/aws4-1.5.0.tgz#0a29ffb79c31c9e712eeb087e8e7a64b4a56d755"

balanced-match@^0.4.1:
  version "0.4.2"
  resolved "http://r.npm.sankuai.com/balanced-match/download/balanced-match-0.4.2.tgz#cb3f3e3c732dc0f01ee70b403f302e61d7709838"

bcrypt-pbkdf@^1.0.0:
  version "1.0.0"
  resolved "http://r.npm.sankuai.com/bcrypt-pbkdf/download/bcrypt-pbkdf-1.0.0.tgz#3ca76b85241c7170bf7d9703e7b9aa74630040d4"
  dependencies:
    tweetnacl "^0.14.3"

bindings@1.2.1:
  version "1.2.1"
  resolved "http://r.npm.sankuai.com/bindings/download/bindings-1.2.1.tgz#14ad6113812d2d37d72e67b4cacb4bb726505f11"

block-stream@*:
  version "0.0.9"
  resolved "http://r.npm.sankuai.com/block-stream/download/block-stream-0.0.9.tgz#13ebfe778a03205cfe03751481ebb4b3300c126a"
  dependencies:
    inherits "~2.0.0"

boom@2.x.x:
  version "2.10.1"
  resolved "http://r.npm.sankuai.com/boom/download/boom-2.10.1.tgz#39c8918ceff5799f83f9492a848f625add0c766f"
  dependencies:
    hoek "2.x.x"

brace-expansion@^1.0.0:
  version "1.1.6"
  resolved "http://r.npm.sankuai.com/brace-expansion/download/brace-expansion-1.1.6.tgz#7197d7eaa9b87e648390ea61fc66c84427420df9"
  dependencies:
    balanced-match "^0.4.1"
    concat-map "0.0.1"

buffer-shims@^1.0.0:
  version "1.0.0"
  resolved "http://r.npm.sankuai.com/buffer-shims/download/buffer-shims-1.0.0.tgz#9978ce317388c649ad8793028c3477ef044a8b51"

caseless@~0.11.0:
  version "0.11.0"
  resolved "http://r.npm.sankuai.com/caseless/download/caseless-0.11.0.tgz#715b96ea9841593cc33067923f5ec60ebda4f7d7"

chalk@^1.1.1:
  version "1.1.3"
  resolved "http://r.npm.sankuai.com/chalk/download/chalk-1.1.3.tgz#a8115c55e4a702fe4d150abd3872822a7e09fc98"
  dependencies:
    ansi-styles "^2.2.1"
    escape-string-regexp "^1.0.2"
    has-ansi "^2.0.0"
    strip-ansi "^3.0.0"
    supports-color "^2.0.0"

code-point-at@^1.0.0:
  version "1.0.1"
  resolved "http://r.npm.sankuai.com/code-point-at/download/code-point-at-1.0.1.tgz#1104cd34f9b5b45d3eba88f1babc1924e1ce35fb"
  dependencies:
    number-is-nan "^1.0.0"

combined-stream@^1.0.5, combined-stream@~1.0.5:
  version "1.0.5"
  resolved "http://r.npm.sankuai.com/combined-stream/download/combined-stream-1.0.5.tgz#938370a57b4a51dea2c77c15d5c5fdf895164009"
  dependencies:
    delayed-stream "~1.0.0"

commander@^2.9.0:
  version "2.9.0"
  resolved "http://r.npm.sankuai.com/commander/download/commander-2.9.0.tgz#9c99094176e12240cb22d6c5146098400fe0f7d4"
  dependencies:
    graceful-readlink ">= 1.0.0"

concat-map@0.0.1:
  version "0.0.1"
  resolved "http://r.npm.sankuai.com/concat-map/download/concat-map-0.0.1.tgz#d8a96bd77fd68df7793a73036a3ba0d5405d477b"

console-control-strings@^1.0.0, console-control-strings@~1.1.0:
  version "1.1.0"
  resolved "http://r.npm.sankuai.com/console-control-strings/download/console-control-strings-1.1.0.tgz#3d7cf4464db6446ea644bf4b39507f9851008e8e"

core-util-is@~1.0.0:
  version "1.0.2"
  resolved "http://r.npm.sankuai.com/core-util-is/download/core-util-is-1.0.2.tgz#b5fd54220aa2bc5ab57aab7140c940754503c1a7"

cryptiles@2.x.x:
  version "2.0.5"
  resolved "http://r.npm.sankuai.com/cryptiles/download/cryptiles-2.0.5.tgz#3bdfecdc608147c1c67202fa291e7dca59eaa3b8"
  dependencies:
    boom "2.x.x"

cwise-compiler@^1.1.2:
  version "1.1.2"
  resolved "http://r.npm.sankuai.com/cwise-compiler/download/cwise-compiler-1.1.2.tgz#3bcbfd063bd1d69d25b3eebfc56df0de15d4c9d0"
  dependencies:
    uniq "^1.0.0"

dashdash@^1.12.0:
  version "1.14.0"
  resolved "http://r.npm.sankuai.com/dashdash/download/dashdash-1.14.0.tgz#29e486c5418bf0f356034a993d51686a33e84141"
  dependencies:
    assert-plus "^1.0.0"

data-uri-to-buffer@0.0.3:
  version "0.0.3"
  resolved "http://r.npm.sankuai.com/data-uri-to-buffer/download/data-uri-to-buffer-0.0.3.tgz#18ae979a6a0ca994b0625853916d2662bbae0b1a"

debug@^2.1.1, debug@~2.2.0:
  version "2.2.0"
  resolved "http://r.npm.sankuai.com/debug/download/debug-2.2.0.tgz#f87057e995b1a1f6ae6a4960664137bc56f039da"
  dependencies:
    ms "0.7.1"

deep-extend@~0.4.0:
  version "0.4.1"
  resolved "http://r.npm.sankuai.com/deep-extend/download/deep-extend-0.4.1.tgz#efe4113d08085f4e6f9687759810f807469e2253"

define-properties@^1.1.2:
  version "1.1.2"
  resolved "http://r.npm.sankuai.com/define-properties/download/define-properties-1.1.2.tgz#83a73f2fea569898fb737193c8f873caf6d45c94"
  dependencies:
    foreach "^2.0.5"
    object-keys "^1.0.8"

delayed-stream@~1.0.0:
  version "1.0.0"
  resolved "http://r.npm.sankuai.com/delayed-stream/download/delayed-stream-1.0.0.tgz#df3ae199acadfb7d440aaae0b29e2272b24ec619"

delegates@^1.0.0:
  version "1.0.0"
  resolved "http://r.npm.sankuai.com/delegates/download/delegates-1.0.0.tgz#84c6e159b81904fdca59a0ef44cd870d31250f9a"

ecc-jsbn@~0.1.1:
  version "0.1.1"
  resolved "http://r.npm.sankuai.com/ecc-jsbn/download/ecc-jsbn-0.1.1.tgz#0fc73a9ed5f0d53c38193398523ef7e543777505"
  dependencies:
    jsbn "~0.1.0"

escape-string-regexp@^1.0.2:
  version "1.0.5"
  resolved "http://r.npm.sankuai.com/escape-string-regexp/download/escape-string-regexp-1.0.5.tgz#1b61c0562190a8dff6ae3bb2cf0200ca130b86d4"

extend@~3.0.0:
  version "3.0.0"
  resolved "http://r.npm.sankuai.com/extend/download/extend-3.0.0.tgz#5a474353b9f3353ddd8176dfd37b91c83a46f1d4"

extsprintf@1.0.2:
  version "1.0.2"
  resolved "http://r.npm.sankuai.com/extsprintf/download/extsprintf-1.0.2.tgz#e1080e0658e300b06294990cc70e1502235fd550"

foreach@^2.0.5:
  version "2.0.5"
  resolved "http://r.npm.sankuai.com/foreach/download/foreach-2.0.5.tgz#0bee005018aeb260d0a3af3ae658dd0136ec1b99"

forever-agent@~0.6.1:
  version "0.6.1"
  resolved "http://r.npm.sankuai.com/forever-agent/download/forever-agent-0.6.1.tgz#fbc71f0c41adeb37f96c577ad1ed42d8fdacca91"

form-data@~2.1.1:
  version "2.1.1"
  resolved "http://r.npm.sankuai.com/form-data/download/form-data-2.1.1.tgz#4adf0342e1a79afa1e84c8c320a9ffc82392a1f3"
  dependencies:
    asynckit "^0.4.0"
    combined-stream "^1.0.5"
    mime-types "^2.1.12"

fs.realpath@^1.0.0:
  version "1.0.0"
  resolved "http://r.npm.sankuai.com/fs.realpath/download/fs.realpath-1.0.0.tgz#1504ad2523158caa40db4a2787cb01411994ea4f"

fstream-ignore@~1.0.5:
  version "1.0.5"
  resolved "http://r.npm.sankuai.com/fstream-ignore/download/fstream-ignore-1.0.5.tgz#9c31dae34767018fe1d249b24dada67d092da105"
  dependencies:
    fstream "^1.0.0"
    inherits "2"
    minimatch "^3.0.0"

fstream@^1.0.0, fstream@^1.0.2, fstream@~1.0.10:
  version "1.0.10"
  resolved "http://r.npm.sankuai.com/fstream/download/fstream-1.0.10.tgz#604e8a92fe26ffd9f6fae30399d4984e1ab22822"
  dependencies:
    graceful-fs "^4.1.2"
    inherits "~2.0.0"
    mkdirp ">=0.5 0"
    rimraf "2"

function-bind@^1.1.0:
  version "1.1.0"
  resolved "http://r.npm.sankuai.com/function-bind/download/function-bind-1.1.0.tgz#16176714c801798e4e8f2cf7f7529467bb4a5771"

gauge@~2.6.0:
  version "2.6.0"
  resolved "http://r.npm.sankuai.com/gauge/download/gauge-2.6.0.tgz#d35301ad18e96902b4751dcbbe40f4218b942a46"
  dependencies:
    aproba "^1.0.3"
    console-control-strings "^1.0.0"
    has-color "^0.1.7"
    has-unicode "^2.0.0"
    object-assign "^4.1.0"
    signal-exit "^3.0.0"
    string-width "^1.0.1"
    strip-ansi "^3.0.1"
    wide-align "^1.1.0"

generate-function@^2.0.0:
  version "2.0.0"
  resolved "http://r.npm.sankuai.com/generate-function/download/generate-function-2.0.0.tgz#6858fe7c0969b7d4e9093337647ac79f60dfbe74"

generate-object-property@^1.1.0:
  version "1.2.0"
  resolved "http://r.npm.sankuai.com/generate-object-property/download/generate-object-property-1.2.0.tgz#9c0e1c40308ce804f4783618b937fa88f99d50d0"
  dependencies:
    is-property "^1.0.0"

get-pixels@*:
  version "3.3.0"
  resolved "http://r.npm.sankuai.com/get-pixels/download/get-pixels-3.3.0.tgz#8d9795beae18850b840f749581badc05d3e36e41"
  dependencies:
    data-uri-to-buffer "0.0.3"
    jpeg-js "^0.1.1"
    mime-types "^2.0.1"
    ndarray "^1.0.13"
    ndarray-pack "^1.1.1"
    node-bitmap "0.0.1"
    omggif "^1.0.5"
    parse-data-uri "^0.2.0"
    pngjs "^2.0.0"
    request "^2.44.0"
    through "^2.3.4"

getpass@^0.1.1:
  version "0.1.6"
  resolved "http://r.npm.sankuai.com/getpass/download/getpass-0.1.6.tgz#283ffd9fc1256840875311c1b60e8c40187110e6"
  dependencies:
    assert-plus "^1.0.0"

glob@^7.0.5:
  version "7.1.1"
  resolved "http://r.npm.sankuai.com/glob/download/glob-7.1.1.tgz#805211df04faaf1c63a3600306cdf5ade50b2ec8"
  dependencies:
    fs.realpath "^1.0.0"
    inflight "^1.0.4"
    inherits "2"
    minimatch "^3.0.2"
    once "^1.3.0"
    path-is-absolute "^1.0.0"

graceful-fs@^4.1.2:
  version "4.1.9"
  resolved "http://r.npm.sankuai.com/graceful-fs/download/graceful-fs-4.1.9.tgz#baacba37d19d11f9d146d3578bc99958c3787e29"

"graceful-readlink@>= 1.0.0":
  version "1.0.1"
  resolved "http://r.npm.sankuai.com/graceful-readlink/download/graceful-readlink-1.0.1.tgz#4cafad76bc62f02fa039b2f94e9a3dd3a391a725"

har-validator@~2.0.6:
  version "2.0.6"
  resolved "http://r.npm.sankuai.com/har-validator/download/har-validator-2.0.6.tgz#cdcbc08188265ad119b6a5a7c8ab70eecfb5d27d"
  dependencies:
    chalk "^1.1.1"
    commander "^2.9.0"
    is-my-json-valid "^2.12.4"
    pinkie-promise "^2.0.0"

has-ansi@^2.0.0:
  version "2.0.0"
  resolved "http://r.npm.sankuai.com/has-ansi/download/has-ansi-2.0.0.tgz#34f5049ce1ecdf2b0649af3ef24e45ed35416d91"
  dependencies:
    ansi-regex "^2.0.0"

has-color@^0.1.7:
  version "0.1.7"
  resolved "http://r.npm.sankuai.com/has-color/download/has-color-0.1.7.tgz#67144a5260c34fc3cca677d041daf52fe7b78b2f"

has-unicode@^2.0.0:
  version "2.0.1"
  resolved "http://r.npm.sankuai.com/has-unicode/download/has-unicode-2.0.1.tgz#e0e6fe6a28cf51138855e086d1691e771de2a8b9"

hawk@~3.1.3:
  version "3.1.3"
  resolved "http://r.npm.sankuai.com/hawk/download/hawk-3.1.3.tgz#078444bd7c1640b0fe540d2c9b73d59678e8e1c4"
  dependencies:
    boom "2.x.x"
    cryptiles "2.x.x"
    hoek "2.x.x"
    sntp "1.x.x"

hoek@2.x.x:
  version "2.16.3"
  resolved "http://r.npm.sankuai.com/hoek/download/hoek-2.16.3.tgz#20bb7403d3cea398e91dc4710a8ff1b8274a25ed"

http-signature@~1.1.0:
  version "1.1.1"
  resolved "http://r.npm.sankuai.com/http-signature/download/http-signature-1.1.1.tgz#df72e267066cd0ac67fb76adf8e134a8fbcf91bf"
  dependencies:
    assert-plus "^0.2.0"
    jsprim "^1.2.2"
    sshpk "^1.7.0"

iconv-lite@*:
  version "0.4.13"
  resolved "http://r.npm.sankuai.com/iconv-lite/download/iconv-lite-0.4.13.tgz#1f88aba4ab0b1508e8312acc39345f36e992e2f2"

immediate@~3.0.5:
  version "3.0.6"
  resolved "http://r.npm.sankuai.com/immediate/download/immediate-3.0.6.tgz#9db1dbd0faf8de6fbe0f5dd5e56bb606280de69b"

inflight@^1.0.4:
  version "1.0.6"
  resolved "http://r.npm.sankuai.com/inflight/download/inflight-1.0.6.tgz#49bd6331d7d02d0c09bc910a1075ba8165b56df9"
  dependencies:
    once "^1.3.0"
    wrappy "1"

inherits@~2.0.0, inherits@~2.0.1, inherits@2:
  version "2.0.3"
  resolved "http://r.npm.sankuai.com/inherits/download/inherits-2.0.3.tgz#633c2c83e3da42a502f52466022480f4208261de"

ini@~1.3.0:
  version "1.3.4"
  resolved "http://r.npm.sankuai.com/ini/download/ini-1.3.4.tgz#0537cb79daf59b59a1a517dff706c86ec039162e"

iota-array@^1.0.0:
  version "1.0.0"
  resolved "http://r.npm.sankuai.com/iota-array/download/iota-array-1.0.0.tgz#81ef57fe5d05814cd58c2483632a99c30a0e8087"

is-buffer@^1.0.2:
  version "1.1.4"
  resolved "http://r.npm.sankuai.com/is-buffer/download/is-buffer-1.1.4.tgz#cfc86ccd5dc5a52fa80489111c6920c457e2d98b"

is-fullwidth-code-point@^1.0.0:
  version "1.0.0"
  resolved "http://r.npm.sankuai.com/is-fullwidth-code-point/download/is-fullwidth-code-point-1.0.0.tgz#ef9e31386f031a7f0d643af82fde50c457ef00cb"
  dependencies:
    number-is-nan "^1.0.0"

is-my-json-valid@^2.12.4:
  version "2.15.0"
  resolved "http://r.npm.sankuai.com/is-my-json-valid/download/is-my-json-valid-2.15.0.tgz#936edda3ca3c211fd98f3b2d3e08da43f7b2915b"
  dependencies:
    generate-function "^2.0.0"
    generate-object-property "^1.1.0"
    jsonpointer "^4.0.0"
    xtend "^4.0.0"

is-property@^1.0.0:
  version "1.0.2"
  resolved "http://r.npm.sankuai.com/is-property/download/is-property-1.0.2.tgz#57fe1c4e48474edd65b09911f26b1cd4095dda84"

is-typedarray@~1.0.0:
  version "1.0.0"
  resolved "http://r.npm.sankuai.com/is-typedarray/download/is-typedarray-1.0.0.tgz#e479c80858df0c1b11ddda6940f96011fcda4a9a"

isarray@~1.0.0:
  version "1.0.0"
  resolved "http://r.npm.sankuai.com/isarray/download/isarray-1.0.0.tgz#bb935d48582cba168c06834957a54a3e07124f11"

isstream@~0.1.2:
  version "0.1.2"
  resolved "http://r.npm.sankuai.com/isstream/download/isstream-0.1.2.tgz#47e63f7af55afa6f92e1500e690eb8b8529c099a"

jodid25519@^1.0.0:
  version "1.0.2"
  resolved "http://r.npm.sankuai.com/jodid25519/download/jodid25519-1.0.2.tgz#06d4912255093419477d425633606e0e90782967"
  dependencies:
    jsbn "~0.1.0"

jpeg-js@^0.1.1:
  version "0.1.2"
  resolved "http://r.npm.sankuai.com/jpeg-js/download/jpeg-js-0.1.2.tgz#135b992c0575c985cfa0f494a3227ed238583ece"

jsbn@~0.1.0:
  version "0.1.0"
  resolved "http://r.npm.sankuai.com/jsbn/download/jsbn-0.1.0.tgz#650987da0dd74f4ebf5a11377a2aa2d273e97dfd"

json-schema@0.2.3:
  version "0.2.3"
  resolved "http://r.npm.sankuai.com/json-schema/download/json-schema-0.2.3.tgz#b480c892e59a2f05954ce727bd3f2a4e882f9e13"

json-stringify-safe@~5.0.1:
  version "5.0.1"
  resolved "http://r.npm.sankuai.com/json-stringify-safe/download/json-stringify-safe-5.0.1.tgz#1296a2d58fd45f19a0f6ce01d65701e2c735b6eb"

jsonpointer@^4.0.0:
  version "4.0.0"
  resolved "http://r.npm.sankuai.com/jsonpointer/download/jsonpointer-4.0.0.tgz#6661e161d2fc445f19f98430231343722e1fcbd5"

jsprim@^1.2.2:
  version "1.3.1"
  resolved "http://r.npm.sankuai.com/jsprim/download/jsprim-1.3.1.tgz#2a7256f70412a29ee3670aaca625994c4dcff252"
  dependencies:
    extsprintf "1.0.2"
    json-schema "0.2.3"
    verror "1.3.6"

lie@^3.1.0:
  version "3.1.0"
  resolved "http://r.npm.sankuai.com/lie/download/lie-3.1.0.tgz#65e0139eaef9ae791a1f5c8c53692c8d3b4718f4"
  dependencies:
    immediate "~3.0.5"

mime-db@~1.24.0:
  version "1.24.0"
  resolved "http://r.npm.sankuai.com/mime-db/download/mime-db-1.24.0.tgz#e2d13f939f0016c6e4e9ad25a8652f126c467f0c"

mime-types@^2.0.1, mime-types@^2.1.12, mime-types@~2.1.7:
  version "2.1.12"
  resolved "http://r.npm.sankuai.com/mime-types/download/mime-types-2.1.12.tgz#152ba256777020dd4663f54c2e7bc26381e71729"
  dependencies:
    mime-db "~1.24.0"

minimatch@^3.0.0, minimatch@^3.0.2:
  version "3.0.3"
  resolved "http://r.npm.sankuai.com/minimatch/download/minimatch-3.0.3.tgz#2a4e4090b96b2db06a9d7df01055a62a77c9b774"
  dependencies:
    brace-expansion "^1.0.0"

minimist@^1.2.0:
  version "1.2.0"
  resolved "http://r.npm.sankuai.com/minimist/download/minimist-1.2.0.tgz#a35008b20f41383eec1fb914f4cd5df79a264284"

minimist@0.0.8:
  version "0.0.8"
  resolved "http://r.npm.sankuai.com/minimist/download/minimist-0.0.8.tgz#857fcabfc3397d2625b8228262e86aa7a011b05d"

"mkdirp@>=0.5 0", mkdirp@~0.5.1:
  version "0.5.1"
  resolved "http://r.npm.sankuai.com/mkdirp/download/mkdirp-0.5.1.tgz#30057438eac6cf7f8c4767f38648d6697d75c903"
  dependencies:
    minimist "0.0.8"

ms@0.7.1:
  version "0.7.1"
  resolved "http://r.npm.sankuai.com/ms/download/ms-0.7.1.tgz#9cd13c03adbff25b65effde7ce864ee952017098"

mutable-buffer@^2.0.3:
  version "2.0.3"
  resolved "http://r.npm.sankuai.com/mutable-buffer/download/mutable-buffer-2.0.3.tgz#67bca5568bf15d3f6035fb716e3899dc44901c8c"

nan@^2.3.5, nan@^2.4.0:
  version "2.4.0"
  resolved "http://r.npm.sankuai.com/nan/download/nan-2.4.0.tgz#fb3c59d45fe4effe215f0b890f8adf6eb32d2232"

ndarray-pack@^1.1.1:
  version "1.2.1"
  resolved "http://r.npm.sankuai.com/ndarray-pack/download/ndarray-pack-1.2.1.tgz#8caebeaaa24d5ecf70ff86020637977da8ee585a"
  dependencies:
    cwise-compiler "^1.1.2"
    ndarray "^1.0.13"

ndarray@^1.0.13:
  version "1.0.18"
  resolved "http://r.npm.sankuai.com/ndarray/download/ndarray-1.0.18.tgz#b60d3a73224ec555d0faa79711e502448fd3f793"
  dependencies:
    iota-array "^1.0.0"
    is-buffer "^1.0.2"

node-bitmap@0.0.1:
  version "0.0.1"
  resolved "http://r.npm.sankuai.com/node-bitmap/download/node-bitmap-0.0.1.tgz#180eac7003e0c707618ef31368f62f84b2a69091"

node-pre-gyp@^0.6.26, node-pre-gyp@^0.6.30:
  version "0.6.31"
  resolved "http://r.npm.sankuai.com/node-pre-gyp/download/node-pre-gyp-0.6.31.tgz#d8a00ddaa301a940615dbcc8caad4024d58f6017"
  dependencies:
    mkdirp "~0.5.1"
    nopt "~3.0.6"
    npmlog "^4.0.0"
    rc "~1.1.6"
    request "^2.75.0"
    rimraf "~2.5.4"
    semver "~5.3.0"
    tar "~2.2.1"
    tar-pack "~3.3.0"

node-uuid@~1.4.7:
  version "1.4.7"
  resolved "http://r.npm.sankuai.com/node-uuid/download/node-uuid-1.4.7.tgz#6da5a17668c4b3dd59623bda11cf7fa4c1f60a6f"

nopt@~3.0.6:
  version "3.0.6"
  resolved "http://r.npm.sankuai.com/nopt/download/nopt-3.0.6.tgz#c6465dbf08abcd4db359317f79ac68a646b28ff9"
  dependencies:
    abbrev "1"

npmlog@^4.0.0:
  version "4.0.0"
  resolved "http://r.npm.sankuai.com/npmlog/download/npmlog-4.0.0.tgz#e094503961c70c1774eb76692080e8d578a9f88f"
  dependencies:
    are-we-there-yet "~1.1.2"
    console-control-strings "~1.1.0"
    gauge "~2.6.0"
    set-blocking "~2.0.0"

number-is-nan@^1.0.0:
  version "1.0.1"
  resolved "http://r.npm.sankuai.com/number-is-nan/download/number-is-nan-1.0.1.tgz#097b602b53422a522c1afb8790318336941a011d"

oauth-sign@~0.8.1:
  version "0.8.2"
  resolved "http://r.npm.sankuai.com/oauth-sign/download/oauth-sign-0.8.2.tgz#46a6ab7f0aead8deae9ec0565780b7d4efeb9d43"

object-assign@^4.1.0:
  version "4.1.0"
  resolved "http://r.npm.sankuai.com/object-assign/download/object-assign-4.1.0.tgz#7a3b3d0e98063d43f4c03f2e8ae6cd51a86883a0"

object-keys@^1.0.10, object-keys@^1.0.8:
  version "1.0.11"
  resolved "http://r.npm.sankuai.com/object-keys/download/object-keys-1.0.11.tgz#c54601778ad560f1142ce0e01bcca8b56d13426d"

object.assign@^4.0.3:
  version "4.0.4"
  resolved "http://r.npm.sankuai.com/object.assign/download/object.assign-4.0.4.tgz#b1c9cc044ef1b9fe63606fc141abbb32e14730cc"
  dependencies:
    define-properties "^1.1.2"
    function-bind "^1.1.0"
    object-keys "^1.0.10"

omggif@^1.0.5:
  version "1.0.8"
  resolved "http://r.npm.sankuai.com/omggif/download/omggif-1.0.8.tgz#178f37b2ab0b3d7b46ed3a0e46bd0790b58d3530"

once@^1.3.0:
  version "1.4.0"
  resolved "http://r.npm.sankuai.com/once/download/once-1.4.0.tgz#583b1aa775961d4b113ac17d9c50baef9dd76bd1"
  dependencies:
    wrappy "1"

once@~1.3.3:
  version "1.3.3"
  resolved "http://r.npm.sankuai.com/once/download/once-1.3.3.tgz#b2e261557ce4c314ec8304f3fa82663e4297ca20"
  dependencies:
    wrappy "1"

pako@^0.2.5:
  version "0.2.9"
  resolved "http://r.npm.sankuai.com/pako/download/pako-0.2.9.tgz#f3f7522f4ef782348da8161bad9ecfd51bf83a75"

parse-data-uri@^0.2.0:
  version "0.2.0"
  resolved "http://r.npm.sankuai.com/parse-data-uri/download/parse-data-uri-0.2.0.tgz#bf04d851dd5c87b0ab238e5d01ace494b604b4c9"
  dependencies:
    data-uri-to-buffer "0.0.3"

path-is-absolute@^1.0.0:
  version "1.0.1"
  resolved "http://r.npm.sankuai.com/path-is-absolute/download/path-is-absolute-1.0.1.tgz#174b9268735534ffbc7ace6bf53a5a9e1b5c5f5f"

pinkie-promise@^2.0.0:
  version "2.0.1"
  resolved "http://r.npm.sankuai.com/pinkie-promise/download/pinkie-promise-2.0.1.tgz#2135d6dfa7a358c069ac9b178776288228450ffa"
  dependencies:
    pinkie "^2.0.0"

pinkie@^2.0.0:
  version "2.0.4"
  resolved "http://r.npm.sankuai.com/pinkie/download/pinkie-2.0.4.tgz#72556b80cfa0d48a974e80e77248e80ed4f7f870"

pngjs@^2.0.0:
  version "2.3.1"
  resolved "http://r.npm.sankuai.com/pngjs/download/pngjs-2.3.1.tgz#11d1e12b9cb64d63e30c143a330f4c1f567da85f"

process-nextick-args@~1.0.6:
  version "1.0.7"
  resolved "http://r.npm.sankuai.com/process-nextick-args/download/process-nextick-args-1.0.7.tgz#150e20b756590ad3f91093f25a4f2ad8bff30ba3"

punycode@^1.4.1:
  version "1.4.1"
  resolved "http://r.npm.sankuai.com/punycode/download/punycode-1.4.1.tgz#c0d5a63b2718800ad8e1eb0fa5269c84dd41845e"

qr-image@*:
  version "3.1.0"
  resolved "http://r.npm.sankuai.com/qr-image/download/qr-image-3.1.0.tgz#a7f722ce7d11afb73696834ade404056bb52f48e"
  optionalDependencies:
    pako "^0.2.5"

qs@~6.3.0:
  version "6.3.0"
  resolved "http://r.npm.sankuai.com/qs/download/qs-6.3.0.tgz#f403b264f23bc01228c74131b407f18d5ea5d442"

rc@~1.1.6:
  version "1.1.6"
  resolved "http://r.npm.sankuai.com/rc/download/rc-1.1.6.tgz#43651b76b6ae53b5c802f1151fa3fc3b059969c9"
  dependencies:
    deep-extend "~0.4.0"
    ini "~1.3.0"
    minimist "^1.2.0"
    strip-json-comments "~1.0.4"

"readable-stream@^2.0.0 || ^1.1.13", readable-stream@~2.1.4:
  version "2.1.5"
  resolved "http://r.npm.sankuai.com/readable-stream/download/readable-stream-2.1.5.tgz#66fa8b720e1438b364681f2ad1a63c618448c9d0"
  dependencies:
    buffer-shims "^1.0.0"
    core-util-is "~1.0.0"
    inherits "~2.0.1"
    isarray "~1.0.0"
    process-nextick-args "~1.0.6"
    string_decoder "~0.10.x"
    util-deprecate "~1.0.1"

request@^2.44.0, request@^2.75.0:
  version "2.76.0"
  resolved "http://r.npm.sankuai.com/request/download/request-2.76.0.tgz#be44505afef70360a0436955106be3945d95560e"
  dependencies:
    aws-sign2 "~0.6.0"
    aws4 "^1.2.1"
    caseless "~0.11.0"
    combined-stream "~1.0.5"
    extend "~3.0.0"
    forever-agent "~0.6.1"
    form-data "~2.1.1"
    har-validator "~2.0.6"
    hawk "~3.1.3"
    http-signature "~1.1.0"
    is-typedarray "~1.0.0"
    isstream "~0.1.2"
    json-stringify-safe "~5.0.1"
    mime-types "~2.1.7"
    node-uuid "~1.4.7"
    oauth-sign "~0.8.1"
    qs "~6.3.0"
    stringstream "~0.0.4"
    tough-cookie "~2.3.0"
    tunnel-agent "~0.4.1"

rimraf@~2.5.1, rimraf@~2.5.4, rimraf@2:
  version "2.5.4"
  resolved "http://r.npm.sankuai.com/rimraf/download/rimraf-2.5.4.tgz#96800093cbf1a0c86bd95b4625467535c29dfa04"
  dependencies:
    glob "^7.0.5"

semver@~5.3.0:
  version "5.3.0"
  resolved "http://r.npm.sankuai.com/semver/download/semver-5.3.0.tgz#9b2ce5d3de02d17c6012ad326aa6b4d0cf54f94f"

serialport@^4.0.4:
  version "4.0.4"
  resolved "http://r.npm.sankuai.com/serialport/download/serialport-4.0.4.tgz#93e55ad75e0451fcdeabb939c08da01da138a74a"
  dependencies:
    bindings "1.2.1"
    commander "^2.9.0"
    debug "^2.1.1"
    lie "^3.1.0"
    nan "^2.3.5"
    node-pre-gyp "^0.6.26"
    object.assign "^4.0.3"

set-blocking@~2.0.0:
  version "2.0.0"
  resolved "http://r.npm.sankuai.com/set-blocking/download/set-blocking-2.0.0.tgz#045f9782d011ae9a6803ddd382b24392b3d890f7"

signal-exit@^3.0.0:
  version "3.0.1"
  resolved "http://r.npm.sankuai.com/signal-exit/download/signal-exit-3.0.1.tgz#5a4c884992b63a7acd9badb7894c3ee9cfccad81"

sntp@1.x.x:
  version "1.0.9"
  resolved "http://r.npm.sankuai.com/sntp/download/sntp-1.0.9.tgz#6541184cc90aeea6c6e7b35e2659082443c66198"
  dependencies:
    hoek "2.x.x"

sshpk@^1.7.0:
  version "1.10.1"
  resolved "http://r.npm.sankuai.com/sshpk/download/sshpk-1.10.1.tgz#30e1a5d329244974a1af61511339d595af6638b0"
  dependencies:
    asn1 "~0.2.3"
    assert-plus "^1.0.0"
    dashdash "^1.12.0"
    getpass "^0.1.1"
  optionalDependencies:
    bcrypt-pbkdf "^1.0.0"
    ecc-jsbn "~0.1.1"
    jodid25519 "^1.0.0"
    jsbn "~0.1.0"
    tweetnacl "~0.14.0"

string_decoder@~0.10.x:
  version "0.10.31"
  resolved "http://r.npm.sankuai.com/string_decoder/download/string_decoder-0.10.31.tgz#62e203bc41766c6c28c9fc84301dab1c5310fa94"

string-width@^1.0.1:
  version "1.0.2"
  resolved "http://r.npm.sankuai.com/string-width/download/string-width-1.0.2.tgz#118bdf5b8cdc51a2a7e70d211e07e2b0b9b107d3"
  dependencies:
    code-point-at "^1.0.0"
    is-fullwidth-code-point "^1.0.0"
    strip-ansi "^3.0.0"

stringstream@~0.0.4:
  version "0.0.5"
  resolved "http://r.npm.sankuai.com/stringstream/download/stringstream-0.0.5.tgz#4e484cd4de5a0bbbee18e46307710a8a81621878"

strip-ansi@^3.0.0, strip-ansi@^3.0.1:
  version "3.0.1"
  resolved "http://r.npm.sankuai.com/strip-ansi/download/strip-ansi-3.0.1.tgz#6a385fb8853d952d5ff05d0e8aaf94278dc63dcf"
  dependencies:
    ansi-regex "^2.0.0"

strip-json-comments@~1.0.4:
  version "1.0.4"
  resolved "http://r.npm.sankuai.com/strip-json-comments/download/strip-json-comments-1.0.4.tgz#1e15fbcac97d3ee99bf2d73b4c656b082bbafb91"

supports-color@^2.0.0:
  version "2.0.0"
  resolved "http://r.npm.sankuai.com/supports-color/download/supports-color-2.0.0.tgz#535d045ce6b6363fa40117084629995e9df324c7"

tar-pack@~3.3.0:
  version "3.3.0"
  resolved "http://r.npm.sankuai.com/tar-pack/download/tar-pack-3.3.0.tgz#30931816418f55afc4d21775afdd6720cee45dae"
  dependencies:
    debug "~2.2.0"
    fstream "~1.0.10"
    fstream-ignore "~1.0.5"
    once "~1.3.3"
    readable-stream "~2.1.4"
    rimraf "~2.5.1"
    tar "~2.2.1"
    uid-number "~0.0.6"

tar@~2.2.1:
  version "2.2.1"
  resolved "http://r.npm.sankuai.com/tar/download/tar-2.2.1.tgz#8e4d2a256c0e2185c6b18ad694aec968b83cb1d1"
  dependencies:
    block-stream "*"
    fstream "^1.0.2"
    inherits "2"

through@^2.3.4:
  version "2.3.8"
  resolved "http://r.npm.sankuai.com/through/download/through-2.3.8.tgz#0dd4c9ffaabc357960b1b724115d7e0e86a2e1f5"

tough-cookie@~2.3.0:
  version "2.3.2"
  resolved "http://r.npm.sankuai.com/tough-cookie/download/tough-cookie-2.3.2.tgz#f081f76e4c85720e6c37a5faced737150d84072a"
  dependencies:
    punycode "^1.4.1"

tunnel-agent@~0.4.1:
  version "0.4.3"
  resolved "http://r.npm.sankuai.com/tunnel-agent/download/tunnel-agent-0.4.3.tgz#6373db76909fe570e08d73583365ed828a74eeeb"

tweetnacl@^0.14.3, tweetnacl@~0.14.0:
  version "0.14.3"
  resolved "http://r.npm.sankuai.com/tweetnacl/download/tweetnacl-0.14.3.tgz#3da382f670f25ded78d7b3d1792119bca0b7132d"

uid-number@~0.0.6:
  version "0.0.6"
  resolved "http://r.npm.sankuai.com/uid-number/download/uid-number-0.0.6.tgz#0ea10e8035e8eb5b8e4449f06da1c730663baa81"

uniq@^1.0.0:
  version "1.0.1"
  resolved "http://r.npm.sankuai.com/uniq/download/uniq-1.0.1.tgz#b31c5ae8254844a3a8281541ce2b04b865a734ff"

usb@*:
  version "1.2.0"
  resolved "http://r.npm.sankuai.com/usb/download/usb-1.2.0.tgz#ab72d9786a047068919a024d08c7a1c5b1e60f47"
  dependencies:
    nan "^2.4.0"
    node-pre-gyp "^0.6.30"

util-deprecate@~1.0.1:
  version "1.0.2"
  resolved "http://r.npm.sankuai.com/util-deprecate/download/util-deprecate-1.0.2.tgz#450d4dc9fa70de732762fbd2d4a28981419a0ccf"

verror@1.3.6:
  version "1.3.6"
  resolved "http://r.npm.sankuai.com/verror/download/verror-1.3.6.tgz#cff5df12946d297d2baaefaa2689e25be01c005c"
  dependencies:
    extsprintf "1.0.2"

wide-align@^1.1.0:
  version "1.1.0"
  resolved "http://r.npm.sankuai.com/wide-align/download/wide-align-1.1.0.tgz#40edde802a71fea1f070da3e62dcda2e7add96ad"
  dependencies:
    string-width "^1.0.1"

wrappy@1:
  version "1.0.2"
  resolved "http://r.npm.sankuai.com/wrappy/download/wrappy-1.0.2.tgz#b5243d8f3ec1aa35f1364605bc0d1036e30ab69f"

xtend@^4.0.0:
  version "4.0.1"
  resolved "http://r.npm.sankuai.com/xtend/download/xtend-4.0.1.tgz#a5c6d532be656e23db820efb943a1f04998d63af"

